// !$*UTF8*$!
{
	archiveVersion = 1;
	classes = {
	};
	objectVersion = 50;
	objects = {

/* Begin PBXBuildFile section */
		6AF1DDD3238AA3CB007F56FD /* AppDelegate.swift in Sources */ = {isa = PBXBuildFile; fileRef = 6AF1DDD2238AA3CB007F56FD /* AppDelegate.swift */; };
		6AF1DDD5238AA3CB007F56FD /* SceneDelegate.swift in Sources */ = {isa = PBXBuildFile; fileRef = 6AF1DDD4238AA3CB007F56FD /* SceneDelegate.swift */; };
		6AF1DDD7238AA3CB007F56FD /* ViewController.swift in Sources */ = {isa = PBXBuildFile; fileRef = 6AF1DDD6238AA3CB007F56FD /* ViewController.swift */; };
		6AF1DDDA238AA3CB007F56FD /* Main.storyboard in Resources */ = {isa = PBXBuildFile; fileRef = 6AF1DDD8238AA3CB007F56FD /* Main.storyboard */; };
		6AF1DDDC238AA3CC007F56FD /* Assets.xcassets in Resources */ = {isa = PBXBuildFile; fileRef = 6AF1DDDB238AA3CC007F56FD /* Assets.xcassets */; };
		6AF1DDDF238AA3CC007F56FD /* LaunchScreen.storyboard in Resources */ = {isa = PBXBuildFile; fileRef = 6AF1DDDD238AA3CC007F56FD /* LaunchScreen.storyboard */; };
		6AF1DDEA238AA3CC007F56FD /* RichTextDemoTests.swift in Sources */ = {isa = PBXBuildFile; fileRef = 6AF1DDE9238AA3CC007F56FD /* RichTextDemoTests.swift */; };
		6AF1DDF5238AA3CC007F56FD /* RichTextDemoUITests.swift in Sources */ = {isa = PBXBuildFile; fileRef = 6AF1DDF4238AA3CC007F56FD /* RichTextDemoUITests.swift */; };
		6AF1DE03238AA3F8007F56FD /* TextStorage.swift in Sources */ = {isa = PBXBuildFile; fileRef = 6AF1DE02238AA3F8007F56FD /* TextStorage.swift */; };
		6AF1DE05238AA40B007F56FD /* LayoutManager.swift in Sources */ = {isa = PBXBuildFile; fileRef = 6AF1DE04238AA40B007F56FD /* LayoutManager.swift */; };
		6AF1DE07238AA419007F56FD /* TextContainer.swift in Sources */ = {isa = PBXBuildFile; fileRef = 6AF1DE06238AA419007F56FD /* TextContainer.swift */; };
		89E02780238BD18600541071 /* RichTextConvertible.swift in Sources */ = {isa = PBXBuildFile; fileRef = 89E0277F238BD18600541071 /* RichTextConvertible.swift */; };
		89E02782238BD6D800541071 /* MyCell.swift in Sources */ = {isa = PBXBuildFile; fileRef = 89E02781238BD6D800541071 /* MyCell.swift */; };
/* End PBXBuildFile section */

/* Begin PBXContainerItemProxy section */
		6AF1DDE6238AA3CC007F56FD /* PBXContainerItemProxy */ = {
			isa = PBXContainerItemProxy;
			containerPortal = 6AF1DDC7238AA3CB007F56FD /* Project object */;
			proxyType = 1;
			remoteGlobalIDString = 6AF1DDCE238AA3CB007F56FD;
			remoteInfo = RichTextDemo;
		};
		6AF1DDF1238AA3CC007F56FD /* PBXContainerItemProxy */ = {
			isa = PBXContainerItemProxy;
			containerPortal = 6AF1DDC7238AA3CB007F56FD /* Project object */;
			proxyType = 1;
			remoteGlobalIDString = 6AF1DDCE238AA3CB007F56FD;
			remoteInfo = RichTextDemo;
		};
/* End PBXContainerItemProxy section */

/* Begin PBXFileReference section */
		6AF1DDCF238AA3CB007F56FD /* RichTextDemo.app */ = {isa = PBXFileReference; explicitFileType = wrapper.application; includeInIndex = 0; path = RichTextDemo.app; sourceTree = BUILT_PRODUCTS_DIR; };
		6AF1DDD2238AA3CB007F56FD /* AppDelegate.swift */ = {isa = PBXFileReference; lastKnownFileType = sourcecode.swift; path = AppDelegate.swift; sourceTree = "<group>"; };
		6AF1DDD4238AA3CB007F56FD /* SceneDelegate.swift */ = {isa = PBXFileReference; lastKnownFileType = sourcecode.swift; path = SceneDelegate.swift; sourceTree = "<group>"; };
		6AF1DDD6238AA3CB007F56FD /* ViewController.swift */ = {isa = PBXFileReference; lastKnownFileType = sourcecode.swift; path = ViewController.swift; sourceTree = "<group>"; };
		6AF1DDD9238AA3CB007F56FD /* Base */ = {isa = PBXFileReference; lastKnownFileType = file.storyboard; name = Base; path = Base.lproj/Main.storyboard; sourceTree = "<group>"; };
		6AF1DDDB238AA3CC007F56FD /* Assets.xcassets */ = {isa = PBXFileReference; lastKnownFileType = folder.assetcatalog; path = Assets.xcassets; sourceTree = "<group>"; };
		6AF1DDDE238AA3CC007F56FD /* Base */ = {isa = PBXFileReference; lastKnownFileType = file.storyboard; name = Base; path = Base.lproj/LaunchScreen.storyboard; sourceTree = "<group>"; };
		6AF1DDE0238AA3CC007F56FD /* Info.plist */ = {isa = PBXFileReference; lastKnownFileType = text.plist.xml; path = Info.plist; sourceTree = "<group>"; };
		6AF1DDE5238AA3CC007F56FD /* RichTextDemoTests.xctest */ = {isa = PBXFileReference; explicitFileType = wrapper.cfbundle; includeInIndex = 0; path = RichTextDemoTests.xctest; sourceTree = BUILT_PRODUCTS_DIR; };
		6AF1DDE9238AA3CC007F56FD /* RichTextDemoTests.swift */ = {isa = PBXFileReference; lastKnownFileType = sourcecode.swift; path = RichTextDemoTests.swift; sourceTree = "<group>"; };
		6AF1DDEB238AA3CC007F56FD /* Info.plist */ = {isa = PBXFileReference; lastKnownFileType = text.plist.xml; path = Info.plist; sourceTree = "<group>"; };
		6AF1DDF0238AA3CC007F56FD /* RichTextDemoUITests.xctest */ = {isa = PBXFileReference; explicitFileType = wrapper.cfbundle; includeInIndex = 0; path = RichTextDemoUITests.xctest; sourceTree = BUILT_PRODUCTS_DIR; };
		6AF1DDF4238AA3CC007F56FD /* RichTextDemoUITests.swift */ = {isa = PBXFileReference; lastKnownFileType = sourcecode.swift; path = RichTextDemoUITests.swift; sourceTree = "<group>"; };
		6AF1DDF6238AA3CC007F56FD /* Info.plist */ = {isa = PBXFileReference; lastKnownFileType = text.plist.xml; path = Info.plist; sourceTree = "<group>"; };
		6AF1DE02238AA3F8007F56FD /* TextStorage.swift */ = {isa = PBXFileReference; lastKnownFileType = sourcecode.swift; path = TextStorage.swift; sourceTree = "<group>"; };
		6AF1DE04238AA40B007F56FD /* LayoutManager.swift */ = {isa = PBXFileReference; lastKnownFileType = sourcecode.swift; path = LayoutManager.swift; sourceTree = "<group>"; };
		6AF1DE06238AA419007F56FD /* TextContainer.swift */ = {isa = PBXFileReference; lastKnownFileType = sourcecode.swift; path = TextContainer.swift; sourceTree = "<group>"; };
		89E0277F238BD18600541071 /* RichTextConvertible.swift */ = {isa = PBXFileReference; lastKnownFileType = sourcecode.swift; path = RichTextConvertible.swift; sourceTree = "<group>"; };
		89E02781238BD6D800541071 /* MyCell.swift */ = {isa = PBXFileReference; lastKnownFileType = sourcecode.swift; path = MyCell.swift; sourceTree = "<group>"; };
/* End PBXFileReference section */

/* Begin PBXFrameworksBuildPhase section */
		6AF1DDCC238AA3CB007F56FD /* Frameworks */ = {
			isa = PBXFrameworksBuildPhase;
			buildActionMask = 2147483647;
			files = (
			);
			runOnlyForDeploymentPostprocessing = 0;
		};
		6AF1DDE2238AA3CC007F56FD /* Frameworks */ = {
			isa = PBXFrameworksBuildPhase;
			buildActionMask = 2147483647;
			files = (
			);
			runOnlyForDeploymentPostprocessing = 0;
		};
		6AF1DDED238AA3CC007F56FD /* Frameworks */ = {
			isa = PBXFrameworksBuildPhase;
			buildActionMask = 2147483647;
			files = (
			);
			runOnlyForDeploymentPostprocessing = 0;
		};
/* End PBXFrameworksBuildPhase section */

/* Begin PBXGroup section */
		6AF1DDC6238AA3CB007F56FD = {
			isa = PBXGroup;
			children = (
				6AF1DDD1238AA3CB007F56FD /* RichTextDemo */,
				6AF1DDE8238AA3CC007F56FD /* RichTextDemoTests */,
				6AF1DDF3238AA3CC007F56FD /* RichTextDemoUITests */,
				6AF1DDD0238AA3CB007F56FD /* Products */,
			);
			sourceTree = "<group>";
		};
		6AF1DDD0238AA3CB007F56FD /* Products */ = {
			isa = PBXGroup;
			children = (
				6AF1DDCF238AA3CB007F56FD /* RichTextDemo.app */,
				6AF1DDE5238AA3CC007F56FD /* RichTextDemoTests.xctest */,
				6AF1DDF0238AA3CC007F56FD /* RichTextDemoUITests.xctest */,
			);
			name = Products;
			sourceTree = "<group>";
		};
		6AF1DDD1238AA3CB007F56FD /* RichTextDemo */ = {
			isa = PBXGroup;
			children = (
				6AF1DDD2238AA3CB007F56FD /* AppDelegate.swift */,
				6AF1DDD4238AA3CB007F56FD /* SceneDelegate.swift */,
				6AF1DDD6238AA3CB007F56FD /* ViewController.swift */,
				89E02781238BD6D800541071 /* MyCell.swift */,
				6AF1DDD8238AA3CB007F56FD /* Main.storyboard */,
				6AF1DDDB238AA3CC007F56FD /* Assets.xcassets */,
				6AF1DDDD238AA3CC007F56FD /* LaunchScreen.storyboard */,
				6AF1DDE0238AA3CC007F56FD /* Info.plist */,
				6AF1DE02238AA3F8007F56FD /* TextStorage.swift */,
				6AF1DE04238AA40B007F56FD /* LayoutManager.swift */,
				6AF1DE06238AA419007F56FD /* TextContainer.swift */,
				89E0277F238BD18600541071 /* RichTextConvertible.swift */,
			);
			path = RichTextDemo;
			sourceTree = "<group>";
		};
		6AF1DDE8238AA3CC007F56FD /* RichTextDemoTests */ = {
			isa = PBXGroup;
			children = (
				6AF1DDE9238AA3CC007F56FD /* RichTextDemoTests.swift */,
				6AF1DDEB238AA3CC007F56FD /* Info.plist */,
			);
			path = RichTextDemoTests;
			sourceTree = "<group>";
		};
		6AF1DDF3238AA3CC007F56FD /* RichTextDemoUITests */ = {
			isa = PBXGroup;
			children = (
				6AF1DDF4238AA3CC007F56FD /* RichTextDemoUITests.swift */,
				6AF1DDF6238AA3CC007F56FD /* Info.plist */,
			);
			path = RichTextDemoUITests;
			sourceTree = "<group>";
		};
/* End PBXGroup section */

/* Begin PBXNativeTarget section */
		6AF1DDCE238AA3CB007F56FD /* RichTextDemo */ = {
			isa = PBXNativeTarget;
			buildConfigurationList = 6AF1DDF9238AA3CC007F56FD /* Build configuration list for PBXNativeTarget "RichTextDemo" */;
			buildPhases = (
				6AF1DDCB238AA3CB007F56FD /* Sources */,
				6AF1DDCC238AA3CB007F56FD /* Frameworks */,
				6AF1DDCD238AA3CB007F56FD /* Resources */,
			);
			buildRules = (
			);
			dependencies = (
			);
			name = RichTextDemo;
			productName = RichTextDemo;
			productReference = 6AF1DDCF238AA3CB007F56FD /* RichTextDemo.app */;
			productType = "com.apple.product-type.application";
		};
		6AF1DDE4238AA3CC007F56FD /* RichTextDemoTests */ = {
			isa = PBXNativeTarget;
			buildConfigurationList = 6AF1DDFC238AA3CC007F56FD /* Build configuration list for PBXNativeTarget "RichTextDemoTests" */;
			buildPhases = (
				6AF1DDE1238AA3CC007F56FD /* Sources */,
				6AF1DDE2238AA3CC007F56FD /* Frameworks */,
				6AF1DDE3238AA3CC007F56FD /* Resources */,
			);
			buildRules = (
			);
			dependencies = (
				6AF1DDE7238AA3CC007F56FD /* PBXTargetDependency */,
			);
			name = RichTextDemoTests;
			productName = RichTextDemoTests;
			productReference = 6AF1DDE5238AA3CC007F56FD /* RichTextDemoTests.xctest */;
			productType = "com.apple.product-type.bundle.unit-test";
		};
		6AF1DDEF238AA3CC007F56FD /* RichTextDemoUITests */ = {
			isa = PBXNativeTarget;
			buildConfigurationList = 6AF1DDFF238AA3CC007F56FD /* Build configuration list for PBXNativeTarget "RichTextDemoUITests" */;
			buildPhases = (
				6AF1DDEC238AA3CC007F56FD /* Sources */,
				6AF1DDED238AA3CC007F56FD /* Frameworks */,
				6AF1DDEE238AA3CC007F56FD /* Resources */,
			);
			buildRules = (
			);
			dependencies = (
				6AF1DDF2238AA3CC007F56FD /* PBXTargetDependency */,
			);
			name = RichTextDemoUITests;
			productName = RichTextDemoUITests;
			productReference = 6AF1DDF0238AA3CC007F56FD /* RichTextDemoUITests.xctest */;
			productType = "com.apple.product-type.bundle.ui-testing";
		};
/* End PBXNativeTarget section */

/* Begin PBXProject section */
		6AF1DDC7238AA3CB007F56FD /* Project object */ = {
			isa = PBXProject;
			attributes = {
				LastSwiftUpdateCheck = 1120;
				LastUpgradeCheck = 1120;
				ORGANIZATIONNAME = ficow;
				TargetAttributes = {
					6AF1DDCE238AA3CB007F56FD = {
						CreatedOnToolsVersion = 11.2.1;
					};
					6AF1DDE4238AA3CC007F56FD = {
						CreatedOnToolsVersion = 11.2.1;
						TestTargetID = 6AF1DDCE238AA3CB007F56FD;
					};
					6AF1DDEF238AA3CC007F56FD = {
						CreatedOnToolsVersion = 11.2.1;
						TestTargetID = 6AF1DDCE238AA3CB007F56FD;
					};
				};
			};
			buildConfigurationList = 6AF1DDCA238AA3CB007F56FD /* Build configuration list for PBXProject "RichTextDemo" */;
			compatibilityVersion = "Xcode 9.3";
			developmentRegion = en;
			hasScannedForEncodings = 0;
			knownRegions = (
				en,
				Base,
			);
			mainGroup = 6AF1DDC6238AA3CB007F56FD;
			productRefGroup = 6AF1DDD0238AA3CB007F56FD /* Products */;
			projectDirPath = "";
			projectRoot = "";
			targets = (
				6AF1DDCE238AA3CB007F56FD /* RichTextDemo */,
				6AF1DDE4238AA3CC007F56FD /* RichTextDemoTests */,
				6AF1DDEF238AA3CC007F56FD /* RichTextDemoUITests */,
			);
		};
/* End PBXProject section */

/* Begin PBXResourcesBuildPhase section */
		6AF1DDCD238AA3CB007F56FD /* Resources */ = {
			isa = PBXResourcesBuildPhase;
			buildActionMask = 2147483647;
			files = (
				6AF1DDDF238AA3CC007F56FD /* LaunchScreen.storyboard in Resources */,
				6AF1DDDC238AA3CC007F56FD /* Assets.xcassets in Resources */,
				6AF1DDDA238AA3CB007F56FD /* Main.storyboard in Resources */,
			);
			runOnlyForDeploymentPostprocessing = 0;
		};
		6AF1DDE3238AA3CC007F56FD /* Resources */ = {
			isa = PBXResourcesBuildPhase;
			buildActionMask = 2147483647;
			files = (
			);
			runOnlyForDeploymentPostprocessing = 0;
		};
		6AF1DDEE238AA3CC007F56FD /* Resources */ = {
			isa = PBXResourcesBuildPhase;
			buildActionMask = 2147483647;
			files = (
			);
			runOnlyForDeploymentPostprocessing = 0;
		};
/* End PBXResourcesBuildPhase section */

/* Begin PBXSourcesBuildPhase section */
		6AF1DDCB238AA3CB007F56FD /* Sources */ = {
			isa = PBXSourcesBuildPhase;
			buildActionMask = 2147483647;
			files = (
				6AF1DE07238AA419007F56FD /* TextContainer.swift in Sources */,
				6AF1DE05238AA40B007F56FD /* LayoutManager.swift in Sources */,
				6AF1DDD7238AA3CB007F56FD /* ViewController.swift in Sources */,
				6AF1DDD3238AA3CB007F56FD /* AppDelegate.swift in Sources */,
				6AF1DE03238AA3F8007F56FD /* TextStorage.swift in Sources */,
				89E02782238BD6D800541071 /* MyCell.swift in Sources */,
				89E02780238BD18600541071 /* RichTextConvertible.swift in Sources */,
				6AF1DDD5238AA3CB007F56FD /* SceneDelegate.swift in Sources */,
			);
			runOnlyForDeploymentPostprocessing = 0;
		};
		6AF1DDE1238AA3CC007F56FD /* Sources */ = {
			isa = PBXSourcesBuildPhase;
			buildActionMask = 2147483647;
			files = (
				6AF1DDEA238AA3CC007F56FD /* RichTextDemoTests.swift in Sources */,
			);
			runOnlyForDeploymentPostprocessing = 0;
		};
		6AF1DDEC238AA3CC007F56FD /* Sources */ = {
			isa = PBXSourcesBuildPhase;
			buildActionMask = 2147483647;
			files = (
				6AF1DDF5238AA3CC007F56FD /* RichTextDemoUITests.swift in Sources */,
			);
			runOnlyForDeploymentPostprocessing = 0;
		};
/* End PBXSourcesBuildPhase section */

/* Begin PBXTargetDependency section */
		6AF1DDE7238AA3CC007F56FD /* PBXTargetDependency */ = {
			isa = PBXTargetDependency;
			target = 6AF1DDCE238AA3CB007F56FD /* RichTextDemo */;
			targetProxy = 6AF1DDE6238AA3CC007F56FD /* PBXContainerItemProxy */;
		};
		6AF1DDF2238AA3CC007F56FD /* PBXTargetDependency */ = {
			isa = PBXTargetDependency;
			target = 6AF1DDCE238AA3CB007F56FD /* RichTextDemo */;
			targetProxy = 6AF1DDF1238AA3CC007F56FD /* PBXContainerItemProxy */;
		};
/* End PBXTargetDependency section */

/* Begin PBXVariantGroup section */
		6AF1DDD8238AA3CB007F56FD /* Main.storyboard */ = {
			isa = PBXVariantGroup;
			children = (
				6AF1DDD9238AA3CB007F56FD /* Base */,
			);
			name = Main.storyboard;
			sourceTree = "<group>";
		};
		6AF1DDDD238AA3CC007F56FD /* LaunchScreen.storyboard */ = {
			isa = PBXVariantGroup;
			children = (
				6AF1DDDE238AA3CC007F56FD /* Base */,
			);
			name = LaunchScreen.storyboard;
			sourceTree = "<group>";
		};
/* End PBXVariantGroup section */

/* Begin XCBuildConfiguration section */
		6AF1DDF7238AA3CC007F56FD /* Debug */ = {
			isa = XCBuildConfiguration;
			buildSettings = {
				ALWAYS_SEARCH_USER_PATHS = NO;
				CLANG_ANALYZER_NONNULL = YES;
				CLANG_ANALYZER_NUMBER_OBJECT_CONVERSION = YES_AGGRESSIVE;
				CLANG_CXX_LANGUAGE_STANDARD = "gnu++14";
				CLANG_CXX_LIBRARY = "libc++";
				CLANG_ENABLE_MODULES = YES;
				CLANG_ENABLE_OBJC_ARC = YES;
				CLANG_ENABLE_OBJC_WEAK = YES;
				CLANG_WARN_BLOCK_CAPTURE_AUTORELEASING = YES;
				CLANG_WARN_BOOL_CONVERSION = YES;
				CLANG_WARN_COMMA = YES;
				CLANG_WARN_CONSTANT_CONVERSION = YES;
				CLANG_WARN_DEPRECATED_OBJC_IMPLEMENTATIONS = YES;
				CLANG_WARN_DIRECT_OBJC_ISA_USAGE = YES_ERROR;
				CLANG_WARN_DOCUMENTATION_COMMENTS = YES;
				CLANG_WARN_EMPTY_BODY = YES;
				CLANG_WARN_ENUM_CONVERSION = YES;
				CLANG_WARN_INFINITE_RECURSION = YES;
				CLANG_WARN_INT_CONVERSION = YES;
				CLANG_WARN_NON_LITERAL_NULL_CONVERSION = YES;
				CLANG_WARN_OBJC_IMPLICIT_RETAIN_SELF = YES;
				CLANG_WARN_OBJC_LITERAL_CONVERSION = YES;
				CLANG_WARN_OBJC_ROOT_CLASS = YES_ERROR;
				CLANG_WARN_RANGE_LOOP_ANALYSIS = YES;
				CLANG_WARN_STRICT_PROTOTYPES = YES;
				CLANG_WARN_SUSPICIOUS_MOVE = YES;
				CLANG_WARN_UNGUARDED_AVAILABILITY = YES_AGGRESSIVE;
				CLANG_WARN_UNREACHABLE_CODE = YES;
				CLANG_WARN__DUPLICATE_METHOD_MATCH = YES;
				COPY_PHASE_STRIP = NO;
				DEBUG_INFORMATION_FORMAT = dwarf;
				ENABLE_STRICT_OBJC_MSGSEND = YES;
				ENABLE_TESTABILITY = YES;
				GCC_C_LANGUAGE_STANDARD = gnu11;
				GCC_DYNAMIC_NO_PIC = NO;
				GCC_NO_COMMON_BLOCKS = YES;
				GCC_OPTIMIZATION_LEVEL = 0;
				GCC_PREPROCESSOR_DEFINITIONS = (
					"DEBUG=1",
					"$(inherited)",
				);
				GCC_WARN_64_TO_32_BIT_CONVERSION = YES;
				GCC_WARN_ABOUT_RETURN_TYPE = YES_ERROR;
				GCC_WARN_UNDECLARED_SELECTOR = YES;
				GCC_WARN_UNINITIALIZED_AUTOS = YES_AGGRESSIVE;
				GCC_WARN_UNUSED_FUNCTION = YES;
				GCC_WARN_UNUSED_VARIABLE = YES;
				IPHONEOS_DEPLOYMENT_TARGET = 13.2;
				MTL_ENABLE_DEBUG_INFO = INCLUDE_SOURCE;
				MTL_FAST_MATH = YES;
				ONLY_ACTIVE_ARCH = YES;
				SDKROOT = iphoneos;
				SWIFT_ACTIVE_COMPILATION_CONDITIONS = DEBUG;
				SWIFT_OPTIMIZATION_LEVEL = "-Onone";
			};
			name = Debug;
		};
		6AF1DDF8238AA3CC007F56FD /* Release */ = {
			isa = XCBuildConfiguration;
			buildSettings = {
				ALWAYS_SEARCH_USER_PATHS = NO;
				CLANG_ANALYZER_NONNULL = YES;
				CLANG_ANALYZER_NUMBER_OBJECT_CONVERSION = YES_AGGRESSIVE;
				CLANG_CXX_LANGUAGE_STANDARD = "gnu++14";
				CLANG_CXX_LIBRARY = "libc++";
				CLANG_ENABLE_MODULES = YES;
				CLANG_ENABLE_OBJC_ARC = YES;
				CLANG_ENABLE_OBJC_WEAK = YES;
				CLANG_WARN_BLOCK_CAPTURE_AUTORELEASING = YES;
				CLANG_WARN_BOOL_CONVERSION = YES;
				CLANG_WARN_COMMA = YES;
				CLANG_WARN_CONSTANT_CONVERSION = YES;
				CLANG_WARN_DEPRECATED_OBJC_IMPLEMENTATIONS = YES;
				CLANG_WARN_DIRECT_OBJC_ISA_USAGE = YES_ERROR;
				CLANG_WARN_DOCUMENTATION_COMMENTS = YES;
				CLANG_WARN_EMPTY_BODY = YES;
				CLANG_WARN_ENUM_CONVERSION = YES;
				CLANG_WARN_INFINITE_RECURSION = YES;
				CLANG_WARN_INT_CONVERSION = YES;
				CLANG_WARN_NON_LITERAL_NULL_CONVERSION = YES;
				CLANG_WARN_OBJC_IMPLICIT_RETAIN_SELF = YES;
				CLANG_WARN_OBJC_LITERAL_CONVERSION = YES;
				CLANG_WARN_OBJC_ROOT_CLASS = YES_ERROR;
				CLANG_WARN_RANGE_LOOP_ANALYSIS = YES;
				CLANG_WARN_STRICT_PROTOTYPES = YES;
				CLANG_WARN_SUSPICIOUS_MOVE = YES;
				CLANG_WARN_UNGUARDED_AVAILABILITY = YES_AGGRESSIVE;
				CLANG_WARN_UNREACHABLE_CODE = YES;
				CLANG_WARN__DUPLICATE_METHOD_MATCH = YES;
				COPY_PHASE_STRIP = NO;
				DEBUG_INFORMATION_FORMAT = "dwarf-with-dsym";
				ENABLE_NS_ASSERTIONS = NO;
				ENABLE_STRICT_OBJC_MSGSEND = YES;
				GCC_C_LANGUAGE_STANDARD = gnu11;
				GCC_NO_COMMON_BLOCKS = YES;
				GCC_WARN_64_TO_32_BIT_CONVERSION = YES;
				GCC_WARN_ABOUT_RETURN_TYPE = YES_ERROR;
				GCC_WARN_UNDECLARED_SELECTOR = YES;
				GCC_WARN_UNINITIALIZED_AUTOS = YES_AGGRESSIVE;
				GCC_WARN_UNUSED_FUNCTION = YES;
				GCC_WARN_UNUSED_VARIABLE = YES;
				IPHONEOS_DEPLOYMENT_TARGET = 13.2;
				MTL_ENABLE_DEBUG_INFO = NO;
				MTL_FAST_MATH = YES;
				SDKROOT = iphoneos;
				SWIFT_COMPILATION_MODE = wholemodule;
				SWIFT_OPTIMIZATION_LEVEL = "-O";
				VALIDATE_PRODUCT = YES;
			};
			name = Release;
		};
		6AF1DDFA238AA3CC007F56FD /* Debug */ = {
			isa = XCBuildConfiguration;
			buildSettings = {
				ASSETCATALOG_COMPILER_APPICON_NAME = AppIcon;
				CODE_SIGN_STYLE = Automatic;
				DEVELOPMENT_TEAM = 3JF38H23W8;
				INFOPLIST_FILE = RichTextDemo/Info.plist;
				LD_RUNPATH_SEARCH_PATHS = (
					"$(inherited)",
					"@executable_path/Frameworks",
				);
				PRODUCT_BUNDLE_IDENTIFIER = com.ficow.RichTextDemo;
				PRODUCT_NAME = "$(TARGET_NAME)";
				SWIFT_VERSION = 5.0;
				TARGETED_DEVICE_FAMILY = "1,2";
			};
			name = Debug;
		};
		6AF1DDFB238AA3CC007F56FD /* Release */ = {
			isa = XCBuildConfiguration;
			buildSettings = {
				ASSETCATALOG_COMPILER_APPICON_NAME = AppIcon;
				CODE_SIGN_STYLE = Automatic;
				DEVELOPMENT_TEAM = 3JF38H23W8;
				INFOPLIST_FILE = RichTextDemo/Info.plist;
				LD_RUNPATH_SEARCH_PATHS = (
					"$(inherited)",
					"@executable_path/Frameworks",
				);
				PRODUCT_BUNDLE_IDENTIFIER = com.ficow.RichTextDemo;
				PRODUCT_NAME = "$(TARGET_NAME)";
				SWIFT_VERSION = 5.0;
				TARGETED_DEVICE_FAMILY = "1,2";
			};
			name = Release;
		};
		6AF1DDFD238AA3CC007F56FD /* Debug */ = {
			isa = XCBuildConfiguration;
			buildSettings = {
				ALWAYS_EMBED_SWIFT_STANDARD_LIBRARIES = YES;
				BUNDLE_LOADER = "$(TEST_HOST)";
				CODE_SIGN_STYLE = Automatic;
				DEVELOPMENT_TEAM = 3JF38H23W8;
				INFOPLIST_FILE = RichTextDemoTests/Info.plist;
				IPHONEOS_DEPLOYMENT_TARGET = 13.2;
				LD_RUNPATH_SEARCH_PATHS = (
					"$(inherited)",
					"@executable_path/Frameworks",
					"@loader_path/Frameworks",
				);
				PRODUCT_BUNDLE_IDENTIFIER = com.ficow.RichTextDemoTests;
				PRODUCT_NAME = "$(TARGET_NAME)";
				SWIFT_VERSION = 5.0;
				TARGETED_DEVICE_FAMILY = "1,2";
				TEST_HOST = "$(BUILT_PRODUCTS_DIR)/RichTextDemo.app/RichTextDemo";
			};
			name = Debug;
		};
		6AF1DDFE238AA3CC007F56FD /* Release */ = {
			isa = XCBuildConfiguration;
			buildSettings = {
				ALWAYS_EMBED_SWIFT_STANDARD_LIBRARIES = YES;
				BUNDLE_LOADER = "$(TEST_HOST)";
				CODE_SIGN_STYLE = Automatic;
				DEVELOPMENT_TEAM = 3JF38H23W8;
				INFOPLIST_FILE = RichTextDemoTests/Info.plist;
				IPHONEOS_DEPLOYMENT_TARGET = 13.2;
				LD_RUNPATH_SEARCH_PATHS = (
					"$(inherited)",
					"@executable_path/Frameworks",
					"@loader_path/Frameworks",
				);
				PRODUCT_BUNDLE_IDENTIFIER = com.ficow.RichTextDemoTests;
				PRODUCT_NAME = "$(TARGET_NAME)";
				SWIFT_VERSION = 5.0;
				TARGETED_DEVICE_FAMILY = "1,2";
				TEST_HOST = "$(BUILT_PRODUCTS_DIR)/RichTextDemo.app/RichTextDemo";
			};
			name = Release;
		};
		6AF1DE00238AA3CC007F56FD /* Debug */ = {
			isa = XCBuildConfiguration;
			buildSettings = {
				ALWAYS_EMBED_SWIFT_STANDARD_LIBRARIES = YES;
				CODE_SIGN_STYLE = Automatic;
				DEVELOPMENT_TEAM = 3JF38H23W8;
				INFOPLIST_FILE = RichTextDemoUITests/Info.plist;
				LD_RUNPATH_SEARCH_PATHS = (
					"$(inherited)",
					"@executable_path/Frameworks",
					"@loader_path/Frameworks",
				);
				PRODUCT_BUNDLE_IDENTIFIER = com.ficow.RichTextDemoUITests;
				PRODUCT_NAME = "$(TARGET_NAME)";
				SWIFT_VERSION = 5.0;
				TARGETED_DEVICE_FAMILY = "1,2";
				TEST_TARGET_NAME = RichTextDemo;
			};
			name = Debug;
		};
		6AF1DE01238AA3CC007F56FD /* Release */ = {
			isa = XCBuildConfiguration;
			buildSettings = {
				ALWAYS_EMBED_SWIFT_STANDARD_LIBRARIES = YES;
				CODE_SIGN_STYLE = Automatic;
				DEVELOPMENT_TEAM = 3JF38H23W8;
				INFOPLIST_FILE = RichTextDemoUITests/Info.plist;
				LD_RUNPATH_SEARCH_PATHS = (
					"$(inherited)",
					"@executable_path/Frameworks",
					"@loader_path/Frameworks",
				);
				PRODUCT_BUNDLE_IDENTIFIER = com.ficow.RichTextDemoUITests;
				PRODUCT_NAME = "$(TARGET_NAME)";
				SWIFT_VERSION = 5.0;
				TARGETED_DEVICE_FAMILY = "1,2";
				TEST_TARGET_NAME = RichTextDemo;
			};
			name = Release;
		};
/* End XCBuildConfiguration section */

/* Begin XCConfigurationList section */
		6AF1DDCA238AA3CB007F56FD /* Build configuration list for PBXProject "RichTextDemo" */ = {
			isa = XCConfigurationList;
			buildConfigurations = (
				6AF1DDF7238AA3CC007F56FD /* Debug */,
				6AF1DDF8238AA3CC007F56FD /* Release */,
			);
			defaultConfigurationIsVisible = 0;
			defaultConfigurationName = Release;
		};
		6AF1DDF9238AA3CC007F56FD /* Build configuration list for PBXNativeTarget "RichTextDemo" */ = {
			isa = XCConfigurationList;
			buildConfigurations = (
				6AF1DDFA238AA3CC007F56FD /* Debug */,
				6AF1DDFB238AA3CC007F56FD /* Release */,
			);
			defaultConfigurationIsVisible = 0;
			defaultConfigurationName = Release;
		};
		6AF1DDFC238AA3CC007F56FD /* Build configuration list for PBXNativeTarget "RichTextDemoTests" */ = {
			isa = XCConfigurationList;
			buildConfigurations = (
				6AF1DDFD238AA3CC007F56FD /* Debug */,
				6AF1DDFE238AA3CC007F56FD /* Release */,
			);
			defaultConfigurationIsVisible = 0;
			defaultConfigurationName = Release;
		};
		6AF1DDFF238AA3CC007F56FD /* Build configuration list for PBXNativeTarget "RichTextDemoUITests" */ = {
			isa = XCConfigurationList;
			buildConfigurations = (
				6AF1DE00238AA3CC007F56FD /* Debug */,
				6AF1DE01238AA3CC007F56FD /* Release */,
			);
			defaultConfigurationIsVisible = 0;
			defaultConfigurationName = Release;
		};
/* End XCConfigurationList section */
	};
	rootObject = 6AF1DDC7238AA3CB007F56FD /* Project object */;
}
